
Microsoft Visual Studio Solution File, Format Version 12.00
# Visual Studio Version 16
VisualStudioVersion = 16.0.32802.440
MinimumVisualStudioVersion = 10.0.40219.1
Project("{8BC9CEB8-8B4A-11D0-8D11-00A0C91BC942}") = "FirstProject", "FirstProject\FirstProject.vcxproj", "{31304DC8-98C6-4B08-A039-E211E4D6C669}"
EndProject
Project("{8BC9CEB8-8B4A-11D0-8D11-00A0C91BC942}") = "TasksWithValiabes", "TasksWithValiabes\TasksWithValiabes.vcxproj", "{714D7142-5362-4C04-BEEC-9AAACFF1F3D8}"
EndProject
Project("{2150E333-8FDC-42A3-9474-1A3956D46DE8}") = "0.1 Podstawy programowania", "0.1 Podstawy programowania", "{0E593638-2FBB-4545-B4EF-E1B36696FA68}"
EndProject
Project("{2150E333-8FDC-42A3-9474-1A3956D46DE8}") = "0.2 Instrukcje warunkowe", "0.2 Instrukcje warunkowe", "{992EB762-629D-4052-A37C-9EDE184A374A}"
EndProject
Project("{8BC9CEB8-8B4A-11D0-8D11-00A0C91BC942}") = "DecisionInstruction", "Decision instruction\Decision instruction.vcxproj", "{7BA1712D-731C-499A-9851-43E96BC4ACF3}"
EndProject
Global
	GlobalSection(SolutionConfigurationPlatforms) = preSolution
		Debug|x64 = Debug|x64
		Debug|x86 = Debug|x86
		Release|x64 = Release|x64
		Release|x86 = Release|x86
	EndGlobalSection
	GlobalSection(ProjectConfigurationPlatforms) = postSolution
		{31304DC8-98C6-4B08-A039-E211E4D6C669}.Debug|x64.ActiveCfg = Debug|x64
		{31304DC8-98C6-4B08-A039-E211E4D6C669}.Debug|x64.Build.0 = Debug|x64
		{31304DC8-98C6-4B08-A039-E211E4D6C669}.Debug|x86.ActiveCfg = Debug|Win32
		{31304DC8-98C6-4B08-A039-E211E4D6C669}.Debug|x86.Build.0 = Debug|Win32
		{31304DC8-98C6-4B08-A039-E211E4D6C669}.Release|x64.ActiveCfg = Release|x64
		{31304DC8-98C6-4B08-A039-E211E4D6C669}.Release|x64.Build.0 = Release|x64
		{31304DC8-98C6-4B08-A039-E211E4D6C669}.Release|x86.ActiveCfg = Release|Win32
		{31304DC8-98C6-4B08-A039-E211E4D6C669}.Release|x86.Build.0 = Release|Win32
		{714D7142-5362-4C04-BEEC-9AAACFF1F3D8}.Debug|x64.ActiveCfg = Debug|x64
		{714D7142-5362-4C04-BEEC-9AAACFF1F3D8}.Debug|x64.Build.0 = Debug|x64
		{714D7142-5362-4C04-BEEC-9AAACFF1F3D8}.Debug|x86.ActiveCfg = Debug|Win32
		{714D7142-5362-4C04-BEEC-9AAACFF1F3D8}.Debug|x86.Build.0 = Debug|Win32
		{714D7142-5362-4C04-BEEC-9AAACFF1F3D8}.Release|x64.ActiveCfg = Release|x64
		{714D7142-5362-4C04-BEEC-9AAACFF1F3D8}.Release|x64.Build.0 = Release|x64
		{714D7142-5362-4C04-BEEC-9AAACFF1F3D8}.Release|x86.ActiveCfg = Release|Win32
		{714D7142-5362-4C04-BEEC-9AAACFF1F3D8}.Release|x86.Build.0 = Release|Win32
		{7BA1712D-731C-499A-9851-43E96BC4ACF3}.Debug|x64.ActiveCfg = Debug|x64
		{7BA1712D-731C-499A-9851-43E96BC4ACF3}.Debug|x64.Build.0 = Debug|x64
		{7BA1712D-731C-499A-9851-43E96BC4ACF3}.Debug|x86.ActiveCfg = Debug|Win32
		{7BA1712D-731C-499A-9851-43E96BC4ACF3}.Debug|x86.Build.0 = Debug|Win32
		{7BA1712D-731C-499A-9851-43E96BC4ACF3}.Release|x64.ActiveCfg = Release|x64
		{7BA1712D-731C-499A-9851-43E96BC4ACF3}.Release|x64.Build.0 = Release|x64
		{7BA1712D-731C-499A-9851-43E96BC4ACF3}.Release|x86.ActiveCfg = Release|Win32
		{7BA1712D-731C-499A-9851-43E96BC4ACF3}.Release|x86.Build.0 = Release|Win32
	EndGlobalSection
	GlobalSection(SolutionProperties) = preSolution
		HideSolutionNode = FALSE
	EndGlobalSection
	GlobalSection(NestedProjects) = preSolution
		{31304DC8-98C6-4B08-A039-E211E4D6C669} = {0E593638-2FBB-4545-B4EF-E1B36696FA68}
		{714D7142-5362-4C04-BEEC-9AAACFF1F3D8} = {0E593638-2FBB-4545-B4EF-E1B36696FA68}
		{7BA1712D-731C-499A-9851-43E96BC4ACF3} = {992EB762-629D-4052-A37C-9EDE184A374A}
	EndGlobalSection
	GlobalSection(ExtensibilityGlobals) = postSolution
		SolutionGuid = {A546FD42-6532-4598-A5FB-4EBBA7D65D52}
	EndGlobalSection
EndGlobal
